
Microsoft Visual Studio Solution File, Format Version 12.00
# Visual Studio Version 17
VisualStudioVersion = 17.14.36121.58 d17.14
MinimumVisualStudioVersion = 10.0.40219.1
Project("{FAE04EC0-301F-11D3-BF4B-00C04F79EFBC}") = "BlazorFizzBuzz", "BlazorFizzBuzz\BlazorFizzBuzz\BlazorFizzBuzz.csproj", "{B52C2DAC-F7A7-489E-B3D6-B5B30CDF70EB}"
EndProject
Project("{FAE04EC0-301F-11D3-BF4B-00C04F79EFBC}") = "BlazorFizzBuzz.Client", "BlazorFizzBuzz\BlazorFizzBuzz.Client\BlazorFizzBuzz.Client.csproj", "{5BBCE9E2-5627-43FB-BE4D-C1B8A3916842}"
EndProject
Global
	GlobalSection(SolutionConfigurationPlatforms) = preSolution
		Debug|Any CPU = Debug|Any CPU
		Release|Any CPU = Release|Any CPU
	EndGlobalSection
	GlobalSection(ProjectConfigurationPlatforms) = postSolution
		{B52C2DAC-F7A7-489E-B3D6-B5B30CDF70EB}.Debug|Any CPU.ActiveCfg = Debug|Any CPU
		{B52C2DAC-F7A7-489E-B3D6-B5B30CDF70EB}.Debug|Any CPU.Build.0 = Debug|Any CPU
		{B52C2DAC-F7A7-489E-B3D6-B5B30CDF70EB}.Release|Any CPU.ActiveCfg = Release|Any CPU
		{B52C2DAC-F7A7-489E-B3D6-B5B30CDF70EB}.Release|Any CPU.Build.0 = Release|Any CPU
		{5BBCE9E2-5627-43FB-BE4D-C1B8A3916842}.Debug|Any CPU.ActiveCfg = Debug|Any CPU
		{5BBCE9E2-5627-43FB-BE4D-C1B8A3916842}.Debug|Any CPU.Build.0 = Debug|Any CPU
		{5BBCE9E2-5627-43FB-BE4D-C1B8A3916842}.Release|Any CPU.ActiveCfg = Release|Any CPU
		{5BBCE9E2-5627-43FB-BE4D-C1B8A3916842}.Release|Any CPU.Build.0 = Release|Any CPU
	EndGlobalSection
	GlobalSection(SolutionProperties) = preSolution
		HideSolutionNode = FALSE
	EndGlobalSection
	GlobalSection(ExtensibilityGlobals) = postSolution
		SolutionGuid = {61131CE2-339D-4485-B695-43396703AAB0}
	EndGlobalSection
EndGlobal
