
Microsoft Visual Studio Solution File, Format Version 12.00
# Visual Studio Version 16
VisualStudioVersion = 16.0.34601.136
MinimumVisualStudioVersion = 10.0.40219.1
Project("{FAE04EC0-301F-11D3-BF4B-00C04F79EFBC}") = "project222222", "project222222.csproj", "{37E9AA5E-DCB1-4DAB-98C6-64F9B04730C7}"
EndProject
Global
	GlobalSection(SolutionConfigurationPlatforms) = preSolution
		Debug|Any CPU = Debug|Any CPU
		Release|Any CPU = Release|Any CPU
	EndGlobalSection
	GlobalSection(ProjectConfigurationPlatforms) = postSolution
		{37E9AA5E-DCB1-4DAB-98C6-64F9B04730C7}.Debug|Any CPU.ActiveCfg = Debug|Any CPU
		{37E9AA5E-DCB1-4DAB-98C6-64F9B04730C7}.Debug|Any CPU.Build.0 = Debug|Any CPU
		{37E9AA5E-DCB1-4DAB-98C6-64F9B04730C7}.Release|Any CPU.ActiveCfg = Release|Any CPU
		{37E9AA5E-DCB1-4DAB-98C6-64F9B04730C7}.Release|Any CPU.Build.0 = Release|Any CPU
	EndGlobalSection
	GlobalSection(SolutionProperties) = preSolution
		HideSolutionNode = FALSE
	EndGlobalSection
	GlobalSection(ExtensibilityGlobals) = postSolution
		SolutionGuid = {8EB6B139-F3FB-4213-9CBD-D251978C6E29}
	EndGlobalSection
EndGlobal
